
Microsoft Visual Studio Solution File, Format Version 12.00
# Visual Studio Version 17
VisualStudioVersion = 17.0.31815.197
MinimumVisualStudioVersion = 10.0.40219.1
Project("{9A19103F-16F7-4668-BE54-9A1E7A4F7556}") = "CurrencyConverterLogic", "CurrencyConverterLogic\CurrencyConverterLogic.csproj", "{8D17D33E-376A-476A-9ACC-BA02CA3231AF}"
EndProject
Project("{9A19103F-16F7-4668-BE54-9A1E7A4F7556}") = "CurrencyConverterConsole", "CurrencyConverterConsole\CurrencyConverterConsole.csproj", "{5A3F5701-EBE0-454F-963C-E9A909A99D76}"
EndProject
Project("{9A19103F-16F7-4668-BE54-9A1E7A4F7556}") = "CurrencyConverterDomain", "CurrencyConverterDomain\CurrencyConverterDomain.csproj", "{B2C7C300-4CE0-4959-836F-C161DE05FAB3}"
EndProject
Project("{9A19103F-16F7-4668-BE54-9A1E7A4F7556}") = "CurrencyConverterTest", "CurrencyConverterTest\CurrencyConverterTest.csproj", "{8CD64E34-523E-441D-8D7F-B95F1E450BC5}"
EndProject
Project("{9A19103F-16F7-4668-BE54-9A1E7A4F7556}") = "CurrencyConverterDAL", "CurrencyConverterDAL\CurrencyConverterDAL.csproj", "{1DD12B55-E8D3-471C-BE96-C45587491AA1}"
EndProject
Project("{9A19103F-16F7-4668-BE54-9A1E7A4F7556}") = "CurrencyConverterDALSQLe", "CurrencyConverterDALSQLe\CurrencyConverterDALSQLe.csproj", "{0FF16C62-D85E-4186-8077-73644F5B8920}"
EndProject
Project("{9A19103F-16F7-4668-BE54-9A1E7A4F7556}") = "CurrencyConverterWPF", "CurrencyConverterWPF\CurrencyConverterWPF.csproj", "{07596954-2075-4A1A-987A-F5F78CCE0476}"
EndProject
Project("{FAE04EC0-301F-11D3-BF4B-00C04F79EFBC}") = "CurrencyConverterWeb", "CurrencyConverterWeb\CurrencyConverterWeb.csproj", "{49A8E174-7FD6-4F32-A7EB-4254BDA9E79E}"
EndProject
Global
	GlobalSection(SolutionConfigurationPlatforms) = preSolution
		Debug|Any CPU = Debug|Any CPU
		Release|Any CPU = Release|Any CPU
	EndGlobalSection
	GlobalSection(ProjectConfigurationPlatforms) = postSolution
		{8D17D33E-376A-476A-9ACC-BA02CA3231AF}.Debug|Any CPU.ActiveCfg = Debug|Any CPU
		{8D17D33E-376A-476A-9ACC-BA02CA3231AF}.Debug|Any CPU.Build.0 = Debug|Any CPU
		{8D17D33E-376A-476A-9ACC-BA02CA3231AF}.Release|Any CPU.ActiveCfg = Release|Any CPU
		{8D17D33E-376A-476A-9ACC-BA02CA3231AF}.Release|Any CPU.Build.0 = Release|Any CPU
		{5A3F5701-EBE0-454F-963C-E9A909A99D76}.Debug|Any CPU.ActiveCfg = Debug|Any CPU
		{5A3F5701-EBE0-454F-963C-E9A909A99D76}.Debug|Any CPU.Build.0 = Debug|Any CPU
		{5A3F5701-EBE0-454F-963C-E9A909A99D76}.Release|Any CPU.ActiveCfg = Release|Any CPU
		{5A3F5701-EBE0-454F-963C-E9A909A99D76}.Release|Any CPU.Build.0 = Release|Any CPU
		{B2C7C300-4CE0-4959-836F-C161DE05FAB3}.Debug|Any CPU.ActiveCfg = Debug|Any CPU
		{B2C7C300-4CE0-4959-836F-C161DE05FAB3}.Debug|Any CPU.Build.0 = Debug|Any CPU
		{B2C7C300-4CE0-4959-836F-C161DE05FAB3}.Release|Any CPU.ActiveCfg = Release|Any CPU
		{B2C7C300-4CE0-4959-836F-C161DE05FAB3}.Release|Any CPU.Build.0 = Release|Any CPU
		{8CD64E34-523E-441D-8D7F-B95F1E450BC5}.Debug|Any CPU.ActiveCfg = Debug|Any CPU
		{8CD64E34-523E-441D-8D7F-B95F1E450BC5}.Debug|Any CPU.Build.0 = Debug|Any CPU
		{8CD64E34-523E-441D-8D7F-B95F1E450BC5}.Release|Any CPU.ActiveCfg = Release|Any CPU
		{8CD64E34-523E-441D-8D7F-B95F1E450BC5}.Release|Any CPU.Build.0 = Release|Any CPU
		{1DD12B55-E8D3-471C-BE96-C45587491AA1}.Debug|Any CPU.ActiveCfg = Debug|Any CPU
		{1DD12B55-E8D3-471C-BE96-C45587491AA1}.Debug|Any CPU.Build.0 = Debug|Any CPU
		{1DD12B55-E8D3-471C-BE96-C45587491AA1}.Release|Any CPU.ActiveCfg = Release|Any CPU
		{1DD12B55-E8D3-471C-BE96-C45587491AA1}.Release|Any CPU.Build.0 = Release|Any CPU
		{0FF16C62-D85E-4186-8077-73644F5B8920}.Debug|Any CPU.ActiveCfg = Debug|Any CPU
		{0FF16C62-D85E-4186-8077-73644F5B8920}.Debug|Any CPU.Build.0 = Debug|Any CPU
		{0FF16C62-D85E-4186-8077-73644F5B8920}.Release|Any CPU.ActiveCfg = Release|Any CPU
		{0FF16C62-D85E-4186-8077-73644F5B8920}.Release|Any CPU.Build.0 = Release|Any CPU
		{07596954-2075-4A1A-987A-F5F78CCE0476}.Debug|Any CPU.ActiveCfg = Debug|Any CPU
		{07596954-2075-4A1A-987A-F5F78CCE0476}.Debug|Any CPU.Build.0 = Debug|Any CPU
		{07596954-2075-4A1A-987A-F5F78CCE0476}.Release|Any CPU.ActiveCfg = Release|Any CPU
		{07596954-2075-4A1A-987A-F5F78CCE0476}.Release|Any CPU.Build.0 = Release|Any CPU
		{49A8E174-7FD6-4F32-A7EB-4254BDA9E79E}.Debug|Any CPU.ActiveCfg = Debug|Any CPU
		{49A8E174-7FD6-4F32-A7EB-4254BDA9E79E}.Debug|Any CPU.Build.0 = Debug|Any CPU
		{49A8E174-7FD6-4F32-A7EB-4254BDA9E79E}.Release|Any CPU.ActiveCfg = Release|Any CPU
		{49A8E174-7FD6-4F32-A7EB-4254BDA9E79E}.Release|Any CPU.Build.0 = Release|Any CPU
	EndGlobalSection
	GlobalSection(SolutionProperties) = preSolution
		HideSolutionNode = FALSE
	EndGlobalSection
	GlobalSection(ExtensibilityGlobals) = postSolution
		SolutionGuid = {4533E4F4-BF5C-40CE-AB55-B0574076C2E8}
	EndGlobalSection
EndGlobal
