
Microsoft Visual Studio Solution File, Format Version 12.00
# Visual Studio Version 16
VisualStudioVersion = 16.0.33027.164
MinimumVisualStudioVersion = 10.0.40219.1
Project("{8BC9CEB8-8B4A-11D0-8D11-00A0C91BC942}") = "Klasse_rational_t_erweitern", "Klasse_rational_t_erweitern\Klasse_rational_t_erweitern.vcxproj", "{70DFBF46-8463-4332-92FA-E324328862F9}"
EndProject
Global
	GlobalSection(SolutionConfigurationPlatforms) = preSolution
		Debug|x64 = Debug|x64
		Debug|x86 = Debug|x86
		Release|x64 = Release|x64
		Release|x86 = Release|x86
	EndGlobalSection
	GlobalSection(ProjectConfigurationPlatforms) = postSolution
		{70DFBF46-8463-4332-92FA-E324328862F9}.Debug|x64.ActiveCfg = Debug|x64
		{70DFBF46-8463-4332-92FA-E324328862F9}.Debug|x64.Build.0 = Debug|x64
		{70DFBF46-8463-4332-92FA-E324328862F9}.Debug|x86.ActiveCfg = Debug|Win32
		{70DFBF46-8463-4332-92FA-E324328862F9}.Debug|x86.Build.0 = Debug|Win32
		{70DFBF46-8463-4332-92FA-E324328862F9}.Release|x64.ActiveCfg = Release|x64
		{70DFBF46-8463-4332-92FA-E324328862F9}.Release|x64.Build.0 = Release|x64
		{70DFBF46-8463-4332-92FA-E324328862F9}.Release|x86.ActiveCfg = Release|Win32
		{70DFBF46-8463-4332-92FA-E324328862F9}.Release|x86.Build.0 = Release|Win32
	EndGlobalSection
	GlobalSection(SolutionProperties) = preSolution
		HideSolutionNode = FALSE
	EndGlobalSection
	GlobalSection(ExtensibilityGlobals) = postSolution
		SolutionGuid = {57BBF780-CD41-493E-8C63-F539A0F9A31C}
	EndGlobalSection
EndGlobal
